
Microsoft Visual Studio Solution File, Format Version 12.00
# Visual Studio Version 17
VisualStudioVersion = 17.7.34031.279
MinimumVisualStudioVersion = 10.0.40219.1
Project("{9A19103F-16F7-4668-BE54-9A1E7A4F7556}") = "oop.firstlaba", "oop.firstlaba\oop.firstlaba.csproj", "{4CD156F9-D01F-45C2-8241-6E8B71A5E51C}"
EndProject
Project("{FAE04EC0-301F-11D3-BF4B-00C04F79EFBC}") = "TestProjectLaba", "TestProjectLaba\TestProjectLaba.csproj", "{F5940931-ED19-4DDC-B061-3CA13AB7FAD4}"
EndProject
Global
	GlobalSection(SolutionConfigurationPlatforms) = preSolution
		Debug|Any CPU = Debug|Any CPU
		Release|Any CPU = Release|Any CPU
	EndGlobalSection
	GlobalSection(ProjectConfigurationPlatforms) = postSolution
		{4CD156F9-D01F-45C2-8241-6E8B71A5E51C}.Debug|Any CPU.ActiveCfg = Debug|Any CPU
		{4CD156F9-D01F-45C2-8241-6E8B71A5E51C}.Debug|Any CPU.Build.0 = Debug|Any CPU
		{4CD156F9-D01F-45C2-8241-6E8B71A5E51C}.Release|Any CPU.ActiveCfg = Release|Any CPU
		{4CD156F9-D01F-45C2-8241-6E8B71A5E51C}.Release|Any CPU.Build.0 = Release|Any CPU
		{F5940931-ED19-4DDC-B061-3CA13AB7FAD4}.Debug|Any CPU.ActiveCfg = Debug|Any CPU
		{F5940931-ED19-4DDC-B061-3CA13AB7FAD4}.Debug|Any CPU.Build.0 = Debug|Any CPU
		{F5940931-ED19-4DDC-B061-3CA13AB7FAD4}.Release|Any CPU.ActiveCfg = Release|Any CPU
		{F5940931-ED19-4DDC-B061-3CA13AB7FAD4}.Release|Any CPU.Build.0 = Release|Any CPU
	EndGlobalSection
	GlobalSection(SolutionProperties) = preSolution
		HideSolutionNode = FALSE
	EndGlobalSection
	GlobalSection(ExtensibilityGlobals) = postSolution
		SolutionGuid = {5AF4B4D5-7046-4424-82F3-495A69394A4B}
	EndGlobalSection
EndGlobal
